# This file is automatically @generated by Cargo.
# It is not intended for manual editing.
version = 3

[[package]]
name = "blog"
version = "0.1.0"

[[package]]
name = "blog_main"
version = "0.1.0"
dependencies = [
 "blog",
 "draft",
]

[[package]]
name = "draft"
version = "0.1.0"
dependencies = [
 "blog",
 "pending-review",
]

[[package]]
name = "pending-review"
version = "0.1.0"
dependencies = [
 "blog",
 "published",
]

[[package]]
name = "published"
version = "0.1.0"
dependencies = [
 "blog",
]
